
Microsoft Visual Studio Solution File, Format Version 12.00
# Visual Studio 15
VisualStudioVersion = 15.0.26430.13
MinimumVisualStudioVersion = 10.0.40219.1
Project("{9A19103F-16F7-4668-BE54-9A1E7A4F7556}") = "NanoActor", "NanoActor\NanoActor.csproj", "{4BA5DB00-0301-41B4-B189-EF47D050A961}"
EndProject
Project("{9A19103F-16F7-4668-BE54-9A1E7A4F7556}") = "DebugHelper", "DebugHelper\DebugHelper.csproj", "{2EDC643F-D83B-4AA0-8162-437E7750A3D1}"
EndProject
Project("{9A19103F-16F7-4668-BE54-9A1E7A4F7556}") = "NanoActor.Test.Actors", "NanoActor.Test.Actors\NanoActor.Test.Actors.csproj", "{866B6397-5B71-40B3-8B28-607AB72114BD}"
EndProject
Project("{9A19103F-16F7-4668-BE54-9A1E7A4F7556}") = "NanoActor.Test.Host", "NanoActor.Test.Host\NanoActor.Test.Host.csproj", "{DB998A8E-E130-4605-936C-BA5767701ED6}"
EndProject
Global
	GlobalSection(Performance) = preSolution
		HasPerformanceSessions = true
	EndGlobalSection
	GlobalSection(SolutionConfigurationPlatforms) = preSolution
		Debug|Any CPU = Debug|Any CPU
		Release|Any CPU = Release|Any CPU
	EndGlobalSection
	GlobalSection(ProjectConfigurationPlatforms) = postSolution
		{4BA5DB00-0301-41B4-B189-EF47D050A961}.Debug|Any CPU.ActiveCfg = Debug|Any CPU
		{4BA5DB00-0301-41B4-B189-EF47D050A961}.Debug|Any CPU.Build.0 = Debug|Any CPU
		{4BA5DB00-0301-41B4-B189-EF47D050A961}.Release|Any CPU.ActiveCfg = Release|Any CPU
		{4BA5DB00-0301-41B4-B189-EF47D050A961}.Release|Any CPU.Build.0 = Release|Any CPU
		{2EDC643F-D83B-4AA0-8162-437E7750A3D1}.Debug|Any CPU.ActiveCfg = Debug|Any CPU
		{2EDC643F-D83B-4AA0-8162-437E7750A3D1}.Debug|Any CPU.Build.0 = Debug|Any CPU
		{2EDC643F-D83B-4AA0-8162-437E7750A3D1}.Release|Any CPU.ActiveCfg = Release|Any CPU
		{2EDC643F-D83B-4AA0-8162-437E7750A3D1}.Release|Any CPU.Build.0 = Release|Any CPU
		{866B6397-5B71-40B3-8B28-607AB72114BD}.Debug|Any CPU.ActiveCfg = Debug|Any CPU
		{866B6397-5B71-40B3-8B28-607AB72114BD}.Debug|Any CPU.Build.0 = Debug|Any CPU
		{866B6397-5B71-40B3-8B28-607AB72114BD}.Release|Any CPU.ActiveCfg = Release|Any CPU
		{866B6397-5B71-40B3-8B28-607AB72114BD}.Release|Any CPU.Build.0 = Release|Any CPU
		{DB998A8E-E130-4605-936C-BA5767701ED6}.Debug|Any CPU.ActiveCfg = Debug|Any CPU
		{DB998A8E-E130-4605-936C-BA5767701ED6}.Debug|Any CPU.Build.0 = Debug|Any CPU
		{DB998A8E-E130-4605-936C-BA5767701ED6}.Release|Any CPU.ActiveCfg = Release|Any CPU
		{DB998A8E-E130-4605-936C-BA5767701ED6}.Release|Any CPU.Build.0 = Release|Any CPU
	EndGlobalSection
	GlobalSection(SolutionProperties) = preSolution
		HideSolutionNode = FALSE
	EndGlobalSection
	GlobalSection(ExtensibilityGlobals) = postSolution
		SolutionGuid = {AD4524A7-F502-4EEB-8338-2F3DDE175F55}
	EndGlobalSection
	GlobalSection(Performance) = preSolution
		HasPerformanceSessions = true
	EndGlobalSection
	GlobalSection(Performance) = preSolution
		HasPerformanceSessions = true
	EndGlobalSection
	GlobalSection(Performance) = preSolution
		HasPerformanceSessions = true
	EndGlobalSection
	GlobalSection(Performance) = preSolution
		HasPerformanceSessions = true
	EndGlobalSection
	GlobalSection(Performance) = preSolution
		HasPerformanceSessions = true
	EndGlobalSection
EndGlobal
